
Microsoft Visual Studio Solution File, Format Version 12.00
# Visual Studio 2012
Project("{FAE04EC0-301F-11D3-BF4B-00C04F79EFBC}") = "CodeTestRebtel", "CodeTestRebtel\CodeTestRebtel.csproj", "{BC6C1CAD-4EF1-4958-8CE2-3C3445905D71}"
EndProject
Project("{FAE04EC0-301F-11D3-BF4B-00C04F79EFBC}") = "CodeTestRebtel.Data", "CodeTestRebtel.Data\CodeTestRebtel.Data.csproj", "{BEB35664-5122-4176-BE99-E628F73A96BC}"
EndProject
Project("{FAE04EC0-301F-11D3-BF4B-00C04F79EFBC}") = "CodeTestRebtel.Data.Tests", "CodeTestRebtel.Data.Tests\CodeTestRebtel.Data.Tests.csproj", "{6FF623EF-653A-4987-AEA2-A379A3521BD3}"
EndProject
Global
	GlobalSection(SolutionConfigurationPlatforms) = preSolution
		Debug|Any CPU = Debug|Any CPU
		Release|Any CPU = Release|Any CPU
	EndGlobalSection
	GlobalSection(ProjectConfigurationPlatforms) = postSolution
		{BC6C1CAD-4EF1-4958-8CE2-3C3445905D71}.Debug|Any CPU.ActiveCfg = Debug|Any CPU
		{BC6C1CAD-4EF1-4958-8CE2-3C3445905D71}.Debug|Any CPU.Build.0 = Debug|Any CPU
		{BC6C1CAD-4EF1-4958-8CE2-3C3445905D71}.Release|Any CPU.ActiveCfg = Release|Any CPU
		{BC6C1CAD-4EF1-4958-8CE2-3C3445905D71}.Release|Any CPU.Build.0 = Release|Any CPU
		{BEB35664-5122-4176-BE99-E628F73A96BC}.Debug|Any CPU.ActiveCfg = Debug|Any CPU
		{BEB35664-5122-4176-BE99-E628F73A96BC}.Debug|Any CPU.Build.0 = Debug|Any CPU
		{BEB35664-5122-4176-BE99-E628F73A96BC}.Release|Any CPU.ActiveCfg = Release|Any CPU
		{BEB35664-5122-4176-BE99-E628F73A96BC}.Release|Any CPU.Build.0 = Release|Any CPU
		{6FF623EF-653A-4987-AEA2-A379A3521BD3}.Debug|Any CPU.ActiveCfg = Debug|Any CPU
		{6FF623EF-653A-4987-AEA2-A379A3521BD3}.Debug|Any CPU.Build.0 = Debug|Any CPU
		{6FF623EF-653A-4987-AEA2-A379A3521BD3}.Release|Any CPU.ActiveCfg = Release|Any CPU
		{6FF623EF-653A-4987-AEA2-A379A3521BD3}.Release|Any CPU.Build.0 = Release|Any CPU
	EndGlobalSection
	GlobalSection(SolutionProperties) = preSolution
		HideSolutionNode = FALSE
	EndGlobalSection
EndGlobal
